
Microsoft Visual Studio Solution File, Format Version 12.00
# Visual Studio Version 17
VisualStudioVersion = 17.14.36915.13 d17.14
MinimumVisualStudioVersion = 10.0.40219.1
Project("{FAE04EC0-301F-11D3-BF4B-00C04F79EFBC}") = "Bot1", "Bot1\Bot1.csproj", "{EBC3941D-C8B7-4152-A76F-FFBF96945B2A}"
EndProject
Global
	GlobalSection(SolutionConfigurationPlatforms) = preSolution
		Debug|Any CPU = Debug|Any CPU
		Release|Any CPU = Release|Any CPU
	EndGlobalSection
	GlobalSection(ProjectConfigurationPlatforms) = postSolution
		{EBC3941D-C8B7-4152-A76F-FFBF96945B2A}.Debug|Any CPU.ActiveCfg = Debug|Any CPU
		{EBC3941D-C8B7-4152-A76F-FFBF96945B2A}.Debug|Any CPU.Build.0 = Debug|Any CPU
		{EBC3941D-C8B7-4152-A76F-FFBF96945B2A}.Release|Any CPU.ActiveCfg = Release|Any CPU
		{EBC3941D-C8B7-4152-A76F-FFBF96945B2A}.Release|Any CPU.Build.0 = Release|Any CPU
	EndGlobalSection
	GlobalSection(SolutionProperties) = preSolution
		HideSolutionNode = FALSE
	EndGlobalSection
	GlobalSection(ExtensibilityGlobals) = postSolution
		SolutionGuid = {365B5FDB-0D2A-41C2-A31D-3AF7C0A4DD37}
	EndGlobalSection
EndGlobal
